
Microsoft Visual Studio Solution File, Format Version 12.00
# Visual Studio Version 16
VisualStudioVersion = 16.0.30225.117
MinimumVisualStudioVersion = 10.0.40219.1
Project("{FAE04EC0-301F-11D3-BF4B-00C04F79EFBC}") = "BMICC", "BMICC\BMICC.csproj", "{747A2A0B-9BE6-4525-AA03-BD3828DF4EC9}"
EndProject
Global
	GlobalSection(SolutionConfigurationPlatforms) = preSolution
		Debug|Any CPU = Debug|Any CPU
		Release|Any CPU = Release|Any CPU
	EndGlobalSection
	GlobalSection(ProjectConfigurationPlatforms) = postSolution
		{747A2A0B-9BE6-4525-AA03-BD3828DF4EC9}.Debug|Any CPU.ActiveCfg = Debug|Any CPU
		{747A2A0B-9BE6-4525-AA03-BD3828DF4EC9}.Debug|Any CPU.Build.0 = Debug|Any CPU
		{747A2A0B-9BE6-4525-AA03-BD3828DF4EC9}.Release|Any CPU.ActiveCfg = Release|Any CPU
		{747A2A0B-9BE6-4525-AA03-BD3828DF4EC9}.Release|Any CPU.Build.0 = Release|Any CPU
	EndGlobalSection
	GlobalSection(SolutionProperties) = preSolution
		HideSolutionNode = FALSE
	EndGlobalSection
	GlobalSection(ExtensibilityGlobals) = postSolution
		SolutionGuid = {F74F5322-0436-4976-A167-D60DB7CF8162}
	EndGlobalSection
EndGlobal
